lockfileVersion: '9.0'

settings:
  autoInstallPeers: true
  excludeLinksFromLockfile: false

importers:

  .:
    dependencies:
      '@ai-sdk/xai':
        specifier: ^1.0.0
        version: 1.2.18(zod@3.25.76)
      '@supabase/supabase-js':
        specifier: ^2.99.1
        version: 2.99.1
      ai:
        specifier: ^4.0.0
        version: 4.3.19(react@19.2.4)(zod@3.25.76)
      lucide-react:
        specifier: ^0.577.0
        version: 0.577.0(react@19.2.4)
      react:
        specifier: ^19.2.4
        version: 19.2.4
      sonner:
        specifier: ^2.0.7
        version: 2.0.7(react-dom@19.2.4(react@19.2.4))(react@19.2.4)

packages:

  '@ai-sdk/openai-compatible@0.2.16':
    resolution: {integrity: sha512-LkvfcM8slJedRyJa/MiMiaOzcMjV1zNDwzTHEGz7aAsgsQV0maLfmJRi/nuSwf5jmp0EouC+JXXDUj2l94HgQw==}
    engines: {node: '>=18'}
    peerDependencies:
      zod: ^3.0.0

  '@ai-sdk/provider-utils@2.2.8':
    resolution: {integrity: sha512-fqhG+4sCVv8x7nFzYnFo19ryhAa3w096Kmc3hWxMQfW/TubPOmt3A6tYZhl4mUfQWWQMsuSkLrtjlWuXBVSGQA==}
    engines: {node: '>=18'}
    peerDependencies:
      zod: ^3.23.8

  '@ai-sdk/provider@1.1.3':
    resolution: {integrity: sha512-qZMxYJ0qqX/RfnuIaab+zp8UAeJn/ygXXAffR5I4N0n1IrvA6qBsjc8hXLmBiMV2zoXlifkacF7sEFnYnjBcqg==}
    engines: {node: '>=18'}

  '@ai-sdk/react@1.2.12':
    resolution: {integrity: sha512-jK1IZZ22evPZoQW3vlkZ7wvjYGYF+tRBKXtrcolduIkQ/m/sOAVcVeVDUDvh1T91xCnWCdUGCPZg2avZ90mv3g==}
    engines: {node: '>=18'}
    peerDependencies:
      react: ^18 || ^19 || ^19.0.0-rc
      zod: ^3.23.8
    peerDependenciesMeta:
      zod:
        optional: true

  '@ai-sdk/ui-utils@1.2.11':
    resolution: {integrity: sha512-3zcwCc8ezzFlwp3ZD15wAPjf2Au4s3vAbKsXQVyhxODHcmu0iyPO2Eua6D/vicq/AUm/BAo60r97O6HU+EI0+w==}
    engines: {node: '>=18'}
    peerDependencies:
      zod: ^3.23.8

  '@ai-sdk/xai@1.2.18':
    resolution: {integrity: sha512-T70WEu+UKXD/Fdj9ck+ujIqUp5ru06mJ/7usePXeXL5EeTi8KXevXF9AMIDdhyD5MZPT2jI8t19lEr8Bhuh/Bg==}
    engines: {node: '>=18'}
    peerDependencies:
      zod: ^3.0.0

  '@opentelemetry/api@1.9.0':
    resolution: {integrity: sha512-3giAOQvZiH5F9bMlMiv8+GSPMeqg0dbaeo58/0SlA9sxSqZhnUtxzX9/2FzyhS9sWQf5S0GJE0AKBrFqjpeYcg==}
    engines: {node: '>=8.0.0'}

  '@supabase/auth-js@2.99.1':
    resolution: {integrity: sha512-x7lKKTvKjABJt/FYcRSPiTT01Xhm2FF8RhfL8+RHMkmlwmRQ88/lREupIHKwFPW0W6pTCJqkZb7Yhpw/EZ+fNw==}
    engines: {node: '>=20.0.0'}

  '@supabase/functions-js@2.99.1':
    resolution: {integrity: sha512-WQE62W5geYImCO4jzFxCk/avnK7JmOdtqu2eiPz3zOaNiIJajNRSAwMMDgEGd2EMs+sUVYj1LfBjfmW3EzHgIA==}
    engines: {node: '>=20.0.0'}

  '@supabase/postgrest-js@2.99.1':
    resolution: {integrity: sha512-gtw2ibJrADvfqrpUWXGNlrYUvxttF4WVWfPpTFKOb2IRj7B6YRWMDgcrYqIuD4ZEabK4m6YKQCCGy6clgf1lPA==}
    engines: {node: '>=20.0.0'}

  '@supabase/realtime-js@2.99.1':
    resolution: {integrity: sha512-9EDdy/5wOseGFqxW88ShV9JMRhm7f+9JGY5x+LqT8c7R0X1CTLwg5qie8FiBWcXTZ+68yYxVWunI+7W4FhkWOg==}
    engines: {node: '>=20.0.0'}

  '@supabase/storage-js@2.99.1':
    resolution: {integrity: sha512-mf7zPfqofI62SOoyQJeNUVxe72E4rQsbWim6lTDPeLu3lHija/cP5utlQADGrjeTgOUN6znx/rWn7SjrETP1dw==}
    engines: {node: '>=20.0.0'}

  '@supabase/supabase-js@2.99.1':
    resolution: {integrity: sha512-5MRoYD9ffXq8F6a036dm65YoSHisC3by/d22mauKE99Vrwf792KxYIIr/iqCX7E4hkuugbPZ5EGYHTB7MKy6Vg==}
    engines: {node: '>=20.0.0'}

  '@types/diff-match-patch@1.0.36':
    resolution: {integrity: sha512-xFdR6tkm0MWvBfO8xXCSsinYxHcqkQUlcHeSpMC2ukzOb6lwQAfDmW+Qt0AvlGd8HpsS28qKsB+oPeJn9I39jg==}

  '@types/node@25.4.0':
    resolution: {integrity: sha512-9wLpoeWuBlcbBpOY3XmzSTG3oscB6xjBEEtn+pYXTfhyXhIxC5FsBer2KTopBlvKEiW9l13po9fq+SJY/5lkhw==}

  '@types/phoenix@1.6.7':
    resolution: {integrity: sha512-oN9ive//QSBkf19rfDv45M7eZPi0eEXylht2OLEXicu5b4KoQ1OzXIw+xDSGWxSxe1JmepRR/ZH283vsu518/Q==}

  '@types/ws@8.18.1':
    resolution: {integrity: sha512-ThVF6DCVhA8kUGy+aazFQ4kXQ7E1Ty7A3ypFOe0IcJV8O/M511G99AW24irKrW56Wt44yG9+ij8FaqoBGkuBXg==}

  ai@4.3.19:
    resolution: {integrity: sha512-dIE2bfNpqHN3r6IINp9znguYdhIOheKW2LDigAMrgt/upT3B8eBGPSCblENvaZGoq+hxaN9fSMzjWpbqloP+7Q==}
    engines: {node: '>=18'}
    peerDependencies:
      react: ^18 || ^19 || ^19.0.0-rc
      zod: ^3.23.8
    peerDependenciesMeta:
      react:
        optional: true

  chalk@5.6.2:
    resolution: {integrity: sha512-7NzBL0rN6fMUW+f7A6Io4h40qQlG+xGmtMxfbnH/K7TAtt8JQWVQK+6g0UXKMeVJoyV5EkkNsErQ8pVD3bLHbA==}
    engines: {node: ^12.17.0 || ^14.13 || >=16.0.0}

  dequal@2.0.3:
    resolution: {integrity: sha512-0je+qPKHEMohvfRTCEo3CrPG6cAzAYgmzKyxRiYSSDkS6eGJdyVJm7WaYA5ECaAD9wLB2T4EEeymA5aFVcYXCA==}
    engines: {node: '>=6'}

  diff-match-patch@1.0.5:
    resolution: {integrity: sha512-IayShXAgj/QMXgB0IWmKx+rOPuGMhqm5w6jvFxmVenXKIzRqTAAsbBPT3kWQeGANj3jGgvcvv4yK6SxqYmikgw==}

  iceberg-js@0.8.1:
    resolution: {integrity: sha512-1dhVQZXhcHje7798IVM+xoo/1ZdVfzOMIc8/rgVSijRK38EDqOJoGula9N/8ZI5RD8QTxNQtK/Gozpr+qUqRRA==}
    engines: {node: '>=20.0.0'}

  json-schema@0.4.0:
    resolution: {integrity: sha512-es94M3nTIfsEPisRafak+HDLfHXnKBhV3vU5eqPcS3flIWqcxJWgXHXiey3YrpaNsanY5ei1VoYEbOzijuq9BA==}

  jsondiffpatch@0.6.0:
    resolution: {integrity: sha512-3QItJOXp2AP1uv7waBkao5nCvhEv+QmJAd38Ybq7wNI74Q+BBmnLn4EDKz6yI9xGAIQoUF87qHt+kc1IVxB4zQ==}
    engines: {node: ^18.0.0 || >=20.0.0}
    hasBin: true

  lucide-react@0.577.0:
    resolution: {integrity: sha512-4LjoFv2eEPwYDPg/CUdBJQSDfPyzXCRrVW1X7jrx/trgxnxkHFjnVZINbzvzxjN70dxychOfg+FTYwBiS3pQ5A==}
    peerDependencies:
      react: ^16.5.1 || ^17.0.0 || ^18.0.0 || ^19.0.0

  nanoid@3.3.11:
    resolution: {integrity: sha512-N8SpfPUnUp1bK+PMYW8qSWdl9U+wwNWI4QKxOYDy9JAro3WMX7p2OeVRF9v+347pnakNevPmiHhNmZ2HbFA76w==}
    engines: {node: ^10 || ^12 || ^13.7 || ^14 || >=15.0.1}
    hasBin: true

  react-dom@19.2.4:
    resolution: {integrity: sha512-AXJdLo8kgMbimY95O2aKQqsz2iWi9jMgKJhRBAxECE4IFxfcazB2LmzloIoibJI3C12IlY20+KFaLv+71bUJeQ==}
    peerDependencies:
      react: ^19.2.4

  react@19.2.4:
    resolution: {integrity: sha512-9nfp2hYpCwOjAN+8TZFGhtWEwgvWHXqESH8qT89AT/lWklpLON22Lc8pEtnpsZz7VmawabSU0gCjnj8aC0euHQ==}
    engines: {node: '>=0.10.0'}

  scheduler@0.27.0:
    resolution: {integrity: sha512-eNv+WrVbKu1f3vbYJT/xtiF5syA5HPIMtf9IgY/nKg0sWqzAUEvqY/xm7OcZc/qafLx/iO9FgOmeSAp4v5ti/Q==}

  secure-json-parse@2.7.0:
    resolution: {integrity: sha512-6aU+Rwsezw7VR8/nyvKTx8QpWH9FrcYiXXlqC4z5d5XQBDRqtbfsRjnwGyqbi3gddNtWHuEk9OANUotL26qKUw==}

  sonner@2.0.7:
    resolution: {integrity: sha512-W6ZN4p58k8aDKA4XPcx2hpIQXBRAgyiWVkYhT7CvK6D3iAu7xjvVyhQHg2/iaKJZ1XVJ4r7XuwGL+WGEK37i9w==}
    peerDependencies:
      react: ^18.0.0 || ^19.0.0 || ^19.0.0-rc
      react-dom: ^18.0.0 || ^19.0.0 || ^19.0.0-rc

  swr@2.4.1:
    resolution: {integrity: sha512-2CC6CiKQtEwaEeNiqWTAw9PGykW8SR5zZX8MZk6TeAvEAnVS7Visz8WzphqgtQ8v2xz/4Q5K+j+SeMaKXeeQIA==}
    peerDependencies:
      react: ^16.11.0 || ^17.0.0 || ^18.0.0 || ^19.0.0

  throttleit@2.1.0:
    resolution: {integrity: sha512-nt6AMGKW1p/70DF/hGBdJB57B8Tspmbp5gfJ8ilhLnt7kkr2ye7hzD6NVG8GGErk2HWF34igrL2CXmNIkzKqKw==}
    engines: {node: '>=18'}

  tslib@2.8.1:
    resolution: {integrity: sha512-oJFu94HQb+KVduSUQL7wnpmqnfmLsOA/nAh6b6EH0wCEoK0/mPeXU6c3wKDV83MkOuHPRHtSXKKU99IBazS/2w==}

  undici-types@7.18.2:
    resolution: {integrity: sha512-AsuCzffGHJybSaRrmr5eHr81mwJU3kjw6M+uprWvCXiNeN9SOGwQ3Jn8jb8m3Z6izVgknn1R0FTCEAP2QrLY/w==}

  use-sync-external-store@1.6.0:
    resolution: {integrity: sha512-Pp6GSwGP/NrPIrxVFAIkOQeyw8lFenOHijQWkUTrDvrF4ALqylP2C/KCkeS9dpUM3KvYRQhna5vt7IL95+ZQ9w==}
    peerDependencies:
      react: ^16.8.0 || ^17.0.0 || ^18.0.0 || ^19.0.0

  ws@8.19.0:
    resolution: {integrity: sha512-blAT2mjOEIi0ZzruJfIhb3nps74PRWTCz1IjglWEEpQl5XS/UNama6u2/rjFkDDouqr4L67ry+1aGIALViWjDg==}
    engines: {node: '>=10.0.0'}
    peerDependencies:
      bufferutil: ^4.0.1
      utf-8-validate: '>=5.0.2'
    peerDependenciesMeta:
      bufferutil:
        optional: true
      utf-8-validate:
        optional: true

  zod-to-json-schema@3.25.1:
    resolution: {integrity: sha512-pM/SU9d3YAggzi6MtR4h7ruuQlqKtad8e9S0fmxcMi+ueAK5Korys/aWcV9LIIHTVbj01NdzxcnXSN+O74ZIVA==}
    peerDependencies:
      zod: ^3.25 || ^4

  zod@3.25.76:
    resolution: {integrity: sha512-gzUt/qt81nXsFGKIFcC3YnfEAx5NkunCfnDlvuBSSFS02bcXu4Lmea0AFIUwbLWxWPx3d9p8S5QoaujKcNQxcQ==}

snapshots:

  '@ai-sdk/openai-compatible@0.2.16(zod@3.25.76)':
    dependencies:
      '@ai-sdk/provider': 1.1.3
      '@ai-sdk/provider-utils': 2.2.8(zod@3.25.76)
      zod: 3.25.76

  '@ai-sdk/provider-utils@2.2.8(zod@3.25.76)':
    dependencies:
      '@ai-sdk/provider': 1.1.3
      nanoid: 3.3.11
      secure-json-parse: 2.7.0
      zod: 3.25.76

  '@ai-sdk/provider@1.1.3':
    dependencies:
      json-schema: 0.4.0

  '@ai-sdk/react@1.2.12(react@19.2.4)(zod@3.25.76)':
    dependencies:
      '@ai-sdk/provider-utils': 2.2.8(zod@3.25.76)
      '@ai-sdk/ui-utils': 1.2.11(zod@3.25.76)
      react: 19.2.4
      swr: 2.4.1(react@19.2.4)
      throttleit: 2.1.0
    optionalDependencies:
      zod: 3.25.76

  '@ai-sdk/ui-utils@1.2.11(zod@3.25.76)':
    dependencies:
      '@ai-sdk/provider': 1.1.3
      '@ai-sdk/provider-utils': 2.2.8(zod@3.25.76)
      zod: 3.25.76
      zod-to-json-schema: 3.25.1(zod@3.25.76)

  '@ai-sdk/xai@1.2.18(zod@3.25.76)':
    dependencies:
      '@ai-sdk/openai-compatible': 0.2.16(zod@3.25.76)
      '@ai-sdk/provider': 1.1.3
      '@ai-sdk/provider-utils': 2.2.8(zod@3.25.76)
      zod: 3.25.76

  '@opentelemetry/api@1.9.0': {}

  '@supabase/auth-js@2.99.1':
    dependencies:
      tslib: 2.8.1

  '@supabase/functions-js@2.99.1':
    dependencies:
      tslib: 2.8.1

  '@supabase/postgrest-js@2.99.1':
    dependencies:
      tslib: 2.8.1

  '@supabase/realtime-js@2.99.1':
    dependencies:
      '@types/phoenix': 1.6.7
      '@types/ws': 8.18.1
      tslib: 2.8.1
      ws: 8.19.0
    transitivePeerDependencies:
      - bufferutil
      - utf-8-validate

  '@supabase/storage-js@2.99.1':
    dependencies:
      iceberg-js: 0.8.1
      tslib: 2.8.1

  '@supabase/supabase-js@2.99.1':
    dependencies:
      '@supabase/auth-js': 2.99.1
      '@supabase/functions-js': 2.99.1
      '@supabase/postgrest-js': 2.99.1
      '@supabase/realtime-js': 2.99.1
      '@supabase/storage-js': 2.99.1
    transitivePeerDependencies:
      - bufferutil
      - utf-8-validate

  '@types/diff-match-patch@1.0.36': {}

  '@types/node@25.4.0':
    dependencies:
      undici-types: 7.18.2

  '@types/phoenix@1.6.7': {}

  '@types/ws@8.18.1':
    dependencies:
      '@types/node': 25.4.0

  ai@4.3.19(react@19.2.4)(zod@3.25.76):
    dependencies:
      '@ai-sdk/provider': 1.1.3
      '@ai-sdk/provider-utils': 2.2.8(zod@3.25.76)
      '@ai-sdk/react': 1.2.12(react@19.2.4)(zod@3.25.76)
      '@ai-sdk/ui-utils': 1.2.11(zod@3.25.76)
      '@opentelemetry/api': 1.9.0
      jsondiffpatch: 0.6.0
      zod: 3.25.76
    optionalDependencies:
      react: 19.2.4

  chalk@5.6.2: {}

  dequal@2.0.3: {}

  diff-match-patch@1.0.5: {}

  iceberg-js@0.8.1: {}

  json-schema@0.4.0: {}

  jsondiffpatch@0.6.0:
    dependencies:
      '@types/diff-match-patch': 1.0.36
      chalk: 5.6.2
      diff-match-patch: 1.0.5

  lucide-react@0.577.0(react@19.2.4):
    dependencies:
      react: 19.2.4

  nanoid@3.3.11: {}

  react-dom@19.2.4(react@19.2.4):
    dependencies:
      react: 19.2.4
      scheduler: 0.27.0

  react@19.2.4: {}

  scheduler@0.27.0: {}

  secure-json-parse@2.7.0: {}

  sonner@2.0.7(react-dom@19.2.4(react@19.2.4))(react@19.2.4):
    dependencies:
      react: 19.2.4
      react-dom: 19.2.4(react@19.2.4)

  swr@2.4.1(react@19.2.4):
    dependencies:
      dequal: 2.0.3
      react: 19.2.4
      use-sync-external-store: 1.6.0(react@19.2.4)

  throttleit@2.1.0: {}

  tslib@2.8.1: {}

  undici-types@7.18.2: {}

  use-sync-external-store@1.6.0(react@19.2.4):
    dependencies:
      react: 19.2.4

  ws@8.19.0: {}

  zod-to-json-schema@3.25.1(zod@3.25.76):
    dependencies:
      zod: 3.25.76

  zod@3.25.76: {}
